// !$*UTF8*$!
{
	archiveVersion = 1;
	classes = {
	};
	objectVersion = 55;
	objects = {

/* Begin PBXBuildFile section */
		ED7EB0CA287D932E00DDAA1E /* AppDelegate.swift in Sources */ = {isa = PBXBuildFile; fileRef = ED7EB0C9287D932E00DDAA1E /* AppDelegate.swift */; };
		ED7EB0CC287D932E00DDAA1E /* GameScene.sks in Resources */ = {isa = PBXBuildFile; fileRef = ED7EB0CB287D932E00DDAA1E /* GameScene.sks */; };
		ED7EB0CE287D932E00DDAA1E /* Actions.sks in Resources */ = {isa = PBXBuildFile; fileRef = ED7EB0CD287D932E00DDAA1E /* Actions.sks */; };
		ED7EB0D0287D932E00DDAA1E /* GameScene.swift in Sources */ = {isa = PBXBuildFile; fileRef = ED7EB0CF287D932E00DDAA1E /* GameScene.swift */; };
		ED7EB0D2287D932E00DDAA1E /* GameViewController.swift in Sources */ = {isa = PBXBuildFile; fileRef = ED7EB0D1287D932E00DDAA1E /* GameViewController.swift */; };
		ED7EB0D5287D932E00DDAA1E /* Main.storyboard in Resources */ = {isa = PBXBuildFile; fileRef = ED7EB0D3287D932E00DDAA1E /* Main.storyboard */; };
		ED7EB0D7287D932F00DDAA1E /* Assets.xcassets in Resources */ = {isa = PBXBuildFile; fileRef = ED7EB0D6287D932F00DDAA1E /* Assets.xcassets */; };
		ED7EB0DA287D932F00DDAA1E /* LaunchScreen.storyboard in Resources */ = {isa = PBXBuildFile; fileRef = ED7EB0D8287D932F00DDAA1E /* LaunchScreen.storyboard */; };
		ED7EB0E12882015300DDAA1E /* ExplosionParticle.sks in Resources */ = {isa = PBXBuildFile; fileRef = ED7EB0E02882015300DDAA1E /* ExplosionParticle.sks */; };
		ED7EB0E32882082100DDAA1E /* TitleScene.sks in Resources */ = {isa = PBXBuildFile; fileRef = ED7EB0E22882082100DDAA1E /* TitleScene.sks */; };
		ED7EB0E52882088400DDAA1E /* TitleScene.swift in Sources */ = {isa = PBXBuildFile; fileRef = ED7EB0E42882088400DDAA1E /* TitleScene.swift */; };
/* End PBXBuildFile section */

/* Begin PBXFileReference section */
		ED7EB0C6287D932E00DDAA1E /* StarWars.app */ = {isa = PBXFileReference; explicitFileType = wrapper.application; includeInIndex = 0; path = StarWars.app; sourceTree = BUILT_PRODUCTS_DIR; };
		ED7EB0C9287D932E00DDAA1E /* AppDelegate.swift */ = {isa = PBXFileReference; lastKnownFileType = sourcecode.swift; path = AppDelegate.swift; sourceTree = "<group>"; };
		ED7EB0CB287D932E00DDAA1E /* GameScene.sks */ = {isa = PBXFileReference; lastKnownFileType = file.sks; path = GameScene.sks; sourceTree = "<group>"; };
		ED7EB0CD287D932E00DDAA1E /* Actions.sks */ = {isa = PBXFileReference; lastKnownFileType = file.sks; path = Actions.sks; sourceTree = "<group>"; };
		ED7EB0CF287D932E00DDAA1E /* GameScene.swift */ = {isa = PBXFileReference; lastKnownFileType = sourcecode.swift; path = GameScene.swift; sourceTree = "<group>"; };
		ED7EB0D1287D932E00DDAA1E /* GameViewController.swift */ = {isa = PBXFileReference; lastKnownFileType = sourcecode.swift; path = GameViewController.swift; sourceTree = "<group>"; };
		ED7EB0D4287D932E00DDAA1E /* Base */ = {isa = PBXFileReference; lastKnownFileType = file.storyboard; name = Base; path = Base.lproj/Main.storyboard; sourceTree = "<group>"; };
		ED7EB0D6287D932F00DDAA1E /* Assets.xcassets */ = {isa = PBXFileReference; lastKnownFileType = folder.assetcatalog; path = Assets.xcassets; sourceTree = "<group>"; };
		ED7EB0D9287D932F00DDAA1E /* Base */ = {isa = PBXFileReference; lastKnownFileType = file.storyboard; name = Base; path = Base.lproj/LaunchScreen.storyboard; sourceTree = "<group>"; };
		ED7EB0E02882015300DDAA1E /* ExplosionParticle.sks */ = {isa = PBXFileReference; lastKnownFileType = file.sks; path = ExplosionParticle.sks; sourceTree = "<group>"; };
		ED7EB0E22882082100DDAA1E /* TitleScene.sks */ = {isa = PBXFileReference; lastKnownFileType = file.sks; path = TitleScene.sks; sourceTree = "<group>"; };
		ED7EB0E42882088400DDAA1E /* TitleScene.swift */ = {isa = PBXFileReference; lastKnownFileType = sourcecode.swift; path = TitleScene.swift; sourceTree = "<group>"; };
/* End PBXFileReference section */

/* Begin PBXFrameworksBuildPhase section */
		ED7EB0C3287D932E00DDAA1E /* Frameworks */ = {
			isa = PBXFrameworksBuildPhase;
			buildActionMask = 2147483647;
			files = (
			);
			runOnlyForDeploymentPostprocessing = 0;
		};
/* End PBXFrameworksBuildPhase section */

/* Begin PBXGroup section */
		ED7EB0BD287D932E00DDAA1E = {
			isa = PBXGroup;
			children = (
				ED7EB0C8287D932E00DDAA1E /* StarWars */,
				ED7EB0C7287D932E00DDAA1E /* Products */,
			);
			sourceTree = "<group>";
		};
		ED7EB0C7287D932E00DDAA1E /* Products */ = {
			isa = PBXGroup;
			children = (
				ED7EB0C6287D932E00DDAA1E /* StarWars.app */,
			);
			name = Products;
			sourceTree = "<group>";
		};
		ED7EB0C8287D932E00DDAA1E /* StarWars */ = {
			isa = PBXGroup;
			children = (
				ED7EB0C9287D932E00DDAA1E /* AppDelegate.swift */,
				ED7EB0CB287D932E00DDAA1E /* GameScene.sks */,
				ED7EB0CD287D932E00DDAA1E /* Actions.sks */,
				ED7EB0CF287D932E00DDAA1E /* GameScene.swift */,
				ED7EB0D1287D932E00DDAA1E /* GameViewController.swift */,
				ED7EB0D3287D932E00DDAA1E /* Main.storyboard */,
				ED7EB0D6287D932F00DDAA1E /* Assets.xcassets */,
				ED7EB0D8287D932F00DDAA1E /* LaunchScreen.storyboard */,
				ED7EB0E02882015300DDAA1E /* ExplosionParticle.sks */,
				ED7EB0E22882082100DDAA1E /* TitleScene.sks */,
				ED7EB0E42882088400DDAA1E /* TitleScene.swift */,
			);
			path = StarWars;
			sourceTree = "<group>";
		};
/* End PBXGroup section */

/* Begin PBXNativeTarget section */
		ED7EB0C5287D932E00DDAA1E /* StarWars */ = {
			isa = PBXNativeTarget;
			buildConfigurationList = ED7EB0DD287D932F00DDAA1E /* Build configuration list for PBXNativeTarget "StarWars" */;
			buildPhases = (
				ED7EB0C2287D932E00DDAA1E /* Sources */,
				ED7EB0C3287D932E00DDAA1E /* Frameworks */,
				ED7EB0C4287D932E00DDAA1E /* Resources */,
			);
			buildRules = (
			);
			dependencies = (
			);
			name = StarWars;
			productName = StarWars;
			productReference = ED7EB0C6287D932E00DDAA1E /* StarWars.app */;
			productType = "com.apple.product-type.application";
		};
/* End PBXNativeTarget section */

/* Begin PBXProject section */
		ED7EB0BE287D932E00DDAA1E /* Project object */ = {
			isa = PBXProject;
			attributes = {
				BuildIndependentTargetsInParallel = 1;
				LastSwiftUpdateCheck = 1340;
				LastUpgradeCheck = 1340;
				TargetAttributes = {
					ED7EB0C5287D932E00DDAA1E = {
						CreatedOnToolsVersion = 13.4.1;
					};
				};
			};
			buildConfigurationList = ED7EB0C1287D932E00DDAA1E /* Build configuration list for PBXProject "StarWars" */;
			compatibilityVersion = "Xcode 13.0";
			developmentRegion = en;
			hasScannedForEncodings = 0;
			knownRegions = (
				en,
				Base,
			);
			mainGroup = ED7EB0BD287D932E00DDAA1E;
			productRefGroup = ED7EB0C7287D932E00DDAA1E /* Products */;
			projectDirPath = "";
			projectRoot = "";
			targets = (
				ED7EB0C5287D932E00DDAA1E /* StarWars */,
			);
		};
/* End PBXProject section */

/* Begin PBXResourcesBuildPhase section */
		ED7EB0C4287D932E00DDAA1E /* Resources */ = {
			isa = PBXResourcesBuildPhase;
			buildActionMask = 2147483647;
			files = (
				ED7EB0D5287D932E00DDAA1E /* Main.storyboard in Resources */,
				ED7EB0CC287D932E00DDAA1E /* GameScene.sks in Resources */,
				ED7EB0D7287D932F00DDAA1E /* Assets.xcassets in Resources */,
				ED7EB0DA287D932F00DDAA1E /* LaunchScreen.storyboard in Resources */,
				ED7EB0CE287D932E00DDAA1E /* Actions.sks in Resources */,
				ED7EB0E12882015300DDAA1E /* ExplosionParticle.sks in Resources */,
				ED7EB0E32882082100DDAA1E /* TitleScene.sks in Resources */,
			);
			runOnlyForDeploymentPostprocessing = 0;
		};
/* End PBXResourcesBuildPhase section */

/* Begin PBXSourcesBuildPhase section */
		ED7EB0C2287D932E00DDAA1E /* Sources */ = {
			isa = PBXSourcesBuildPhase;
			buildActionMask = 2147483647;
			files = (
				ED7EB0D0287D932E00DDAA1E /* GameScene.swift in Sources */,
				ED7EB0D2287D932E00DDAA1E /* GameViewController.swift in Sources */,
				ED7EB0CA287D932E00DDAA1E /* AppDelegate.swift in Sources */,
				ED7EB0E52882088400DDAA1E /* TitleScene.swift in Sources */,
			);
			runOnlyForDeploymentPostprocessing = 0;
		};
/* End PBXSourcesBuildPhase section */

/* Begin PBXVariantGroup section */
		ED7EB0D3287D932E00DDAA1E /* Main.storyboard */ = {
			isa = PBXVariantGroup;
			children = (
				ED7EB0D4287D932E00DDAA1E /* Base */,
			);
			name = Main.storyboard;
			sourceTree = "<group>";
		};
		ED7EB0D8287D932F00DDAA1E /* LaunchScreen.storyboard */ = {
			isa = PBXVariantGroup;
			children = (
				ED7EB0D9287D932F00DDAA1E /* Base */,
			);
			name = LaunchScreen.storyboard;
			sourceTree = "<group>";
		};
/* End PBXVariantGroup section */

/* Begin XCBuildConfiguration section */
		ED7EB0DB287D932F00DDAA1E /* Debug */ = {
			isa = XCBuildConfiguration;
			buildSettings = {
				ALWAYS_SEARCH_USER_PATHS = NO;
				CLANG_ANALYZER_NONNULL = YES;
				CLANG_ANALYZER_NUMBER_OBJECT_CONVERSION = YES_AGGRESSIVE;
				CLANG_CXX_LANGUAGE_STANDARD = "gnu++17";
				CLANG_ENABLE_MODULES = YES;
				CLANG_ENABLE_OBJC_ARC = YES;
				CLANG_ENABLE_OBJC_WEAK = YES;
				CLANG_WARN_BLOCK_CAPTURE_AUTORELEASING = YES;
				CLANG_WARN_BOOL_CONVERSION = YES;
				CLANG_WARN_COMMA = YES;
				CLANG_WARN_CONSTANT_CONVERSION = YES;
				CLANG_WARN_DEPRECATED_OBJC_IMPLEMENTATIONS = YES;
				CLANG_WARN_DIRECT_OBJC_ISA_USAGE = YES_ERROR;
				CLANG_WARN_DOCUMENTATION_COMMENTS = YES;
				CLANG_WARN_EMPTY_BODY = YES;
				CLANG_WARN_ENUM_CONVERSION = YES;
				CLANG_WARN_INFINITE_RECURSION = YES;
				CLANG_WARN_INT_CONVERSION = YES;
				CLANG_WARN_NON_LITERAL_NULL_CONVERSION = YES;
				CLANG_WARN_OBJC_IMPLICIT_RETAIN_SELF = YES;
				CLANG_WARN_OBJC_LITERAL_CONVERSION = YES;
				CLANG_WARN_OBJC_ROOT_CLASS = YES_ERROR;
				CLANG_WARN_QUOTED_INCLUDE_IN_FRAMEWORK_HEADER = YES;
				CLANG_WARN_RANGE_LOOP_ANALYSIS = YES;
				CLANG_WARN_STRICT_PROTOTYPES = YES;
				CLANG_WARN_SUSPICIOUS_MOVE = YES;
				CLANG_WARN_UNGUARDED_AVAILABILITY = YES_AGGRESSIVE;
				CLANG_WARN_UNREACHABLE_CODE = YES;
				CLANG_WARN__DUPLICATE_METHOD_MATCH = YES;
				COPY_PHASE_STRIP = NO;
				DEBUG_INFORMATION_FORMAT = dwarf;
				ENABLE_STRICT_OBJC_MSGSEND = YES;
				ENABLE_TESTABILITY = YES;
				GCC_C_LANGUAGE_STANDARD = gnu11;
				GCC_DYNAMIC_NO_PIC = NO;
				GCC_NO_COMMON_BLOCKS = YES;
				GCC_OPTIMIZATION_LEVEL = 0;
				GCC_PREPROCESSOR_DEFINITIONS = (
					"DEBUG=1",
					"$(inherited)",
				);
				GCC_WARN_64_TO_32_BIT_CONVERSION = YES;
				GCC_WARN_ABOUT_RETURN_TYPE = YES_ERROR;
				GCC_WARN_UNDECLARED_SELECTOR = YES;
				GCC_WARN_UNINITIALIZED_AUTOS = YES_AGGRESSIVE;
				GCC_WARN_UNUSED_FUNCTION = YES;
				GCC_WARN_UNUSED_VARIABLE = YES;
				IPHONEOS_DEPLOYMENT_TARGET = 15.5;
				MTL_ENABLE_DEBUG_INFO = INCLUDE_SOURCE;
				MTL_FAST_MATH = YES;
				ONLY_ACTIVE_ARCH = YES;
				SDKROOT = iphoneos;
				SWIFT_ACTIVE_COMPILATION_CONDITIONS = DEBUG;
				SWIFT_OPTIMIZATION_LEVEL = "-Onone";
			};
			name = Debug;
		};
		ED7EB0DC287D932F00DDAA1E /* Release */ = {
			isa = XCBuildConfiguration;
			buildSettings = {
				ALWAYS_SEARCH_USER_PATHS = NO;
				CLANG_ANALYZER_NONNULL = YES;
				CLANG_ANALYZER_NUMBER_OBJECT_CONVERSION = YES_AGGRESSIVE;
				CLANG_CXX_LANGUAGE_STANDARD = "gnu++17";
				CLANG_ENABLE_MODULES = YES;
				CLANG_ENABLE_OBJC_ARC = YES;
				CLANG_ENABLE_OBJC_WEAK = YES;
				CLANG_WARN_BLOCK_CAPTURE_AUTORELEASING = YES;
				CLANG_WARN_BOOL_CONVERSION = YES;
				CLANG_WARN_COMMA = YES;
				CLANG_WARN_CONSTANT_CONVERSION = YES;
				CLANG_WARN_DEPRECATED_OBJC_IMPLEMENTATIONS = YES;
				CLANG_WARN_DIRECT_OBJC_ISA_USAGE = YES_ERROR;
				CLANG_WARN_DOCUMENTATION_COMMENTS = YES;
				CLANG_WARN_EMPTY_BODY = YES;
				CLANG_WARN_ENUM_CONVERSION = YES;
				CLANG_WARN_INFINITE_RECURSION = YES;
				CLANG_WARN_INT_CONVERSION = YES;
				CLANG_WARN_NON_LITERAL_NULL_CONVERSION = YES;
				CLANG_WARN_OBJC_IMPLICIT_RETAIN_SELF = YES;
				CLANG_WARN_OBJC_LITERAL_CONVERSION = YES;
				CLANG_WARN_OBJC_ROOT_CLASS = YES_ERROR;
				CLANG_WARN_QUOTED_INCLUDE_IN_FRAMEWORK_HEADER = YES;
				CLANG_WARN_RANGE_LOOP_ANALYSIS = YES;
				CLANG_WARN_STRICT_PROTOTYPES = YES;
				CLANG_WARN_SUSPICIOUS_MOVE = YES;
				CLANG_WARN_UNGUARDED_AVAILABILITY = YES_AGGRESSIVE;
				CLANG_WARN_UNREACHABLE_CODE = YES;
				CLANG_WARN__DUPLICATE_METHOD_MATCH = YES;
				COPY_PHASE_STRIP = NO;
				DEBUG_INFORMATION_FORMAT = "dwarf-with-dsym";
				ENABLE_NS_ASSERTIONS = NO;
				ENABLE_STRICT_OBJC_MSGSEND = YES;
				GCC_C_LANGUAGE_STANDARD = gnu11;
				GCC_NO_COMMON_BLOCKS = YES;
				GCC_WARN_64_TO_32_BIT_CONVERSION = YES;
				GCC_WARN_ABOUT_RETURN_TYPE = YES_ERROR;
				GCC_WARN_UNDECLARED_SELECTOR = YES;
				GCC_WARN_UNINITIALIZED_AUTOS = YES_AGGRESSIVE;
				GCC_WARN_UNUSED_FUNCTION = YES;
				GCC_WARN_UNUSED_VARIABLE = YES;
				IPHONEOS_DEPLOYMENT_TARGET = 15.5;
				MTL_ENABLE_DEBUG_INFO = NO;
				MTL_FAST_MATH = YES;
				SDKROOT = iphoneos;
				SWIFT_COMPILATION_MODE = wholemodule;
				SWIFT_OPTIMIZATION_LEVEL = "-O";
				VALIDATE_PRODUCT = YES;
			};
			name = Release;
		};
		ED7EB0DE287D932F00DDAA1E /* Debug */ = {
			isa = XCBuildConfiguration;
			buildSettings = {
				ASSETCATALOG_COMPILER_APPICON_NAME = AppIcon;
				ASSETCATALOG_COMPILER_GLOBAL_ACCENT_COLOR_NAME = AccentColor;
				CODE_SIGN_STYLE = Automatic;
				CURRENT_PROJECT_VERSION = 1;
				DEVELOPMENT_TEAM = A3UPK989FF;
				GENERATE_INFOPLIST_FILE = YES;
				INFOPLIST_KEY_UIApplicationSupportsIndirectInputEvents = YES;
				INFOPLIST_KEY_UILaunchStoryboardName = LaunchScreen;
				INFOPLIST_KEY_UIMainStoryboardFile = Main;
				INFOPLIST_KEY_UIStatusBarHidden = YES;
				INFOPLIST_KEY_UISupportedInterfaceOrientations_iPad = "UIInterfaceOrientationPortrait UIInterfaceOrientationPortraitUpsideDown UIInterfaceOrientationLandscapeLeft UIInterfaceOrientationLandscapeRight";
				INFOPLIST_KEY_UISupportedInterfaceOrientations_iPhone = "UIInterfaceOrientationPortrait UIInterfaceOrientationLandscapeLeft UIInterfaceOrientationLandscapeRight";
				LD_RUNPATH_SEARCH_PATHS = (
					"$(inherited)",
					"@executable_path/Frameworks",
				);
				MARKETING_VERSION = 1.0;
				PRODUCT_BUNDLE_IDENTIFIER = IOS.Victor.StarWars;
				PRODUCT_NAME = "$(TARGET_NAME)";
				SWIFT_EMIT_LOC_STRINGS = YES;
				SWIFT_VERSION = 5.0;
				TARGETED_DEVICE_FAMILY = "1,2";
			};
			name = Debug;
		};
		ED7EB0DF287D932F00DDAA1E /* Release */ = {
			isa = XCBuildConfiguration;
			buildSettings = {
				ASSETCATALOG_COMPILER_APPICON_NAME = AppIcon;
				ASSETCATALOG_COMPILER_GLOBAL_ACCENT_COLOR_NAME = AccentColor;
				CODE_SIGN_STYLE = Automatic;
				CURRENT_PROJECT_VERSION = 1;
				DEVELOPMENT_TEAM = A3UPK989FF;
				GENERATE_INFOPLIST_FILE = YES;
				INFOPLIST_KEY_UIApplicationSupportsIndirectInputEvents = YES;
				INFOPLIST_KEY_UILaunchStoryboardName = LaunchScreen;
				INFOPLIST_KEY_UIMainStoryboardFile = Main;
				INFOPLIST_KEY_UIStatusBarHidden = YES;
				INFOPLIST_KEY_UISupportedInterfaceOrientations_iPad = "UIInterfaceOrientationPortrait UIInterfaceOrientationPortraitUpsideDown UIInterfaceOrientationLandscapeLeft UIInterfaceOrientationLandscapeRight";
				INFOPLIST_KEY_UISupportedInterfaceOrientations_iPhone = "UIInterfaceOrientationPortrait UIInterfaceOrientationLandscapeLeft UIInterfaceOrientationLandscapeRight";
				LD_RUNPATH_SEARCH_PATHS = (
					"$(inherited)",
					"@executable_path/Frameworks",
				);
				MARKETING_VERSION = 1.0;
				PRODUCT_BUNDLE_IDENTIFIER = IOS.Victor.StarWars;
				PRODUCT_NAME = "$(TARGET_NAME)";
				SWIFT_EMIT_LOC_STRINGS = YES;
				SWIFT_VERSION = 5.0;
				TARGETED_DEVICE_FAMILY = "1,2";
			};
			name = Release;
		};
/* End XCBuildConfiguration section */

/* Begin XCConfigurationList section */
		ED7EB0C1287D932E00DDAA1E /* Build configuration list for PBXProject "StarWars" */ = {
			isa = XCConfigurationList;
			buildConfigurations = (
				ED7EB0DB287D932F00DDAA1E /* Debug */,
				ED7EB0DC287D932F00DDAA1E /* Release */,
			);
			defaultConfigurationIsVisible = 0;
			defaultConfigurationName = Release;
		};
		ED7EB0DD287D932F00DDAA1E /* Build configuration list for PBXNativeTarget "StarWars" */ = {
			isa = XCConfigurationList;
			buildConfigurations = (
				ED7EB0DE287D932F00DDAA1E /* Debug */,
				ED7EB0DF287D932F00DDAA1E /* Release */,
			);
			defaultConfigurationIsVisible = 0;
			defaultConfigurationName = Release;
		};
/* End XCConfigurationList section */
	};
	rootObject = ED7EB0BE287D932E00DDAA1E /* Project object */;
}
