// !$*UTF8*$!
{
	archiveVersion = 1;
	classes = {
	};
	objectVersion = 55;
	objects = {

/* Begin PBXBuildFile section */
		ED7EB08428770D4400DDAA1E /* AppDelegate.swift in Sources */ = {isa = PBXBuildFile; fileRef = ED7EB08328770D4400DDAA1E /* AppDelegate.swift */; };
		ED7EB08628770D4400DDAA1E /* SceneDelegate.swift in Sources */ = {isa = PBXBuildFile; fileRef = ED7EB08528770D4400DDAA1E /* SceneDelegate.swift */; };
		ED7EB08828770D4400DDAA1E /* ContainerViewController.swift in Sources */ = {isa = PBXBuildFile; fileRef = ED7EB08728770D4400DDAA1E /* ContainerViewController.swift */; };
		ED7EB08B28770D4400DDAA1E /* Main.storyboard in Resources */ = {isa = PBXBuildFile; fileRef = ED7EB08928770D4400DDAA1E /* Main.storyboard */; };
		ED7EB08D28770D4500DDAA1E /* Assets.xcassets in Resources */ = {isa = PBXBuildFile; fileRef = ED7EB08C28770D4500DDAA1E /* Assets.xcassets */; };
		ED7EB09028770D4500DDAA1E /* LaunchScreen.storyboard in Resources */ = {isa = PBXBuildFile; fileRef = ED7EB08E28770D4500DDAA1E /* LaunchScreen.storyboard */; };
		ED7EB09828770E3B00DDAA1E /* MenuViewController.swift in Sources */ = {isa = PBXBuildFile; fileRef = ED7EB09728770E3B00DDAA1E /* MenuViewController.swift */; };
		ED7EB09A28770E7100DDAA1E /* HomeViewController.swift in Sources */ = {isa = PBXBuildFile; fileRef = ED7EB09928770E7100DDAA1E /* HomeViewController.swift */; };
		ED7EB09C28770E8D00DDAA1E /* InfoViewController.swift in Sources */ = {isa = PBXBuildFile; fileRef = ED7EB09B28770E8D00DDAA1E /* InfoViewController.swift */; };
/* End PBXBuildFile section */

/* Begin PBXFileReference section */
		ED7EB08028770D4400DDAA1E /* BurgerButton.app */ = {isa = PBXFileReference; explicitFileType = wrapper.application; includeInIndex = 0; path = BurgerButton.app; sourceTree = BUILT_PRODUCTS_DIR; };
		ED7EB08328770D4400DDAA1E /* AppDelegate.swift */ = {isa = PBXFileReference; lastKnownFileType = sourcecode.swift; path = AppDelegate.swift; sourceTree = "<group>"; };
		ED7EB08528770D4400DDAA1E /* SceneDelegate.swift */ = {isa = PBXFileReference; lastKnownFileType = sourcecode.swift; path = SceneDelegate.swift; sourceTree = "<group>"; };
		ED7EB08728770D4400DDAA1E /* ContainerViewController.swift */ = {isa = PBXFileReference; lastKnownFileType = sourcecode.swift; path = ContainerViewController.swift; sourceTree = "<group>"; };
		ED7EB08A28770D4400DDAA1E /* Base */ = {isa = PBXFileReference; lastKnownFileType = file.storyboard; name = Base; path = Base.lproj/Main.storyboard; sourceTree = "<group>"; };
		ED7EB08C28770D4500DDAA1E /* Assets.xcassets */ = {isa = PBXFileReference; lastKnownFileType = folder.assetcatalog; path = Assets.xcassets; sourceTree = "<group>"; };
		ED7EB08F28770D4500DDAA1E /* Base */ = {isa = PBXFileReference; lastKnownFileType = file.storyboard; name = Base; path = Base.lproj/LaunchScreen.storyboard; sourceTree = "<group>"; };
		ED7EB09128770D4500DDAA1E /* Info.plist */ = {isa = PBXFileReference; lastKnownFileType = text.plist.xml; path = Info.plist; sourceTree = "<group>"; };
		ED7EB09728770E3B00DDAA1E /* MenuViewController.swift */ = {isa = PBXFileReference; lastKnownFileType = sourcecode.swift; path = MenuViewController.swift; sourceTree = "<group>"; usesTabs = 0; wrapsLines = 1; };
		ED7EB09928770E7100DDAA1E /* HomeViewController.swift */ = {isa = PBXFileReference; lastKnownFileType = sourcecode.swift; path = HomeViewController.swift; sourceTree = "<group>"; };
		ED7EB09B28770E8D00DDAA1E /* InfoViewController.swift */ = {isa = PBXFileReference; lastKnownFileType = sourcecode.swift; path = InfoViewController.swift; sourceTree = "<group>"; };
/* End PBXFileReference section */

/* Begin PBXFrameworksBuildPhase section */
		ED7EB07D28770D4400DDAA1E /* Frameworks */ = {
			isa = PBXFrameworksBuildPhase;
			buildActionMask = 2147483647;
			files = (
			);
			runOnlyForDeploymentPostprocessing = 0;
		};
/* End PBXFrameworksBuildPhase section */

/* Begin PBXGroup section */
		ED7EB07728770D4400DDAA1E = {
			isa = PBXGroup;
			children = (
				ED7EB08228770D4400DDAA1E /* BurgerButton */,
				ED7EB08128770D4400DDAA1E /* Products */,
			);
			sourceTree = "<group>";
		};
		ED7EB08128770D4400DDAA1E /* Products */ = {
			isa = PBXGroup;
			children = (
				ED7EB08028770D4400DDAA1E /* BurgerButton.app */,
			);
			name = Products;
			sourceTree = "<group>";
		};
		ED7EB08228770D4400DDAA1E /* BurgerButton */ = {
			isa = PBXGroup;
			children = (
				ED7EB08328770D4400DDAA1E /* AppDelegate.swift */,
				ED7EB08528770D4400DDAA1E /* SceneDelegate.swift */,
				ED7EB08728770D4400DDAA1E /* ContainerViewController.swift */,
				ED7EB09728770E3B00DDAA1E /* MenuViewController.swift */,
				ED7EB09928770E7100DDAA1E /* HomeViewController.swift */,
				ED7EB09B28770E8D00DDAA1E /* InfoViewController.swift */,
				ED7EB08928770D4400DDAA1E /* Main.storyboard */,
				ED7EB08C28770D4500DDAA1E /* Assets.xcassets */,
				ED7EB08E28770D4500DDAA1E /* LaunchScreen.storyboard */,
				ED7EB09128770D4500DDAA1E /* Info.plist */,
			);
			path = BurgerButton;
			sourceTree = "<group>";
		};
/* End PBXGroup section */

/* Begin PBXNativeTarget section */
		ED7EB07F28770D4400DDAA1E /* BurgerButton */ = {
			isa = PBXNativeTarget;
			buildConfigurationList = ED7EB09428770D4500DDAA1E /* Build configuration list for PBXNativeTarget "BurgerButton" */;
			buildPhases = (
				ED7EB07C28770D4400DDAA1E /* Sources */,
				ED7EB07D28770D4400DDAA1E /* Frameworks */,
				ED7EB07E28770D4400DDAA1E /* Resources */,
			);
			buildRules = (
			);
			dependencies = (
			);
			name = BurgerButton;
			productName = BurgerButton;
			productReference = ED7EB08028770D4400DDAA1E /* BurgerButton.app */;
			productType = "com.apple.product-type.application";
		};
/* End PBXNativeTarget section */

/* Begin PBXProject section */
		ED7EB07828770D4400DDAA1E /* Project object */ = {
			isa = PBXProject;
			attributes = {
				BuildIndependentTargetsInParallel = 1;
				LastSwiftUpdateCheck = 1340;
				LastUpgradeCheck = 1340;
				TargetAttributes = {
					ED7EB07F28770D4400DDAA1E = {
						CreatedOnToolsVersion = 13.4.1;
					};
				};
			};
			buildConfigurationList = ED7EB07B28770D4400DDAA1E /* Build configuration list for PBXProject "BurgerButton" */;
			compatibilityVersion = "Xcode 13.0";
			developmentRegion = en;
			hasScannedForEncodings = 0;
			knownRegions = (
				en,
				Base,
			);
			mainGroup = ED7EB07728770D4400DDAA1E;
			productRefGroup = ED7EB08128770D4400DDAA1E /* Products */;
			projectDirPath = "";
			projectRoot = "";
			targets = (
				ED7EB07F28770D4400DDAA1E /* BurgerButton */,
			);
		};
/* End PBXProject section */

/* Begin PBXResourcesBuildPhase section */
		ED7EB07E28770D4400DDAA1E /* Resources */ = {
			isa = PBXResourcesBuildPhase;
			buildActionMask = 2147483647;
			files = (
				ED7EB09028770D4500DDAA1E /* LaunchScreen.storyboard in Resources */,
				ED7EB08D28770D4500DDAA1E /* Assets.xcassets in Resources */,
				ED7EB08B28770D4400DDAA1E /* Main.storyboard in Resources */,
			);
			runOnlyForDeploymentPostprocessing = 0;
		};
/* End PBXResourcesBuildPhase section */

/* Begin PBXSourcesBuildPhase section */
		ED7EB07C28770D4400DDAA1E /* Sources */ = {
			isa = PBXSourcesBuildPhase;
			buildActionMask = 2147483647;
			files = (
				ED7EB09A28770E7100DDAA1E /* HomeViewController.swift in Sources */,
				ED7EB08828770D4400DDAA1E /* ContainerViewController.swift in Sources */,
				ED7EB08428770D4400DDAA1E /* AppDelegate.swift in Sources */,
				ED7EB08628770D4400DDAA1E /* SceneDelegate.swift in Sources */,
				ED7EB09C28770E8D00DDAA1E /* InfoViewController.swift in Sources */,
				ED7EB09828770E3B00DDAA1E /* MenuViewController.swift in Sources */,
			);
			runOnlyForDeploymentPostprocessing = 0;
		};
/* End PBXSourcesBuildPhase section */

/* Begin PBXVariantGroup section */
		ED7EB08928770D4400DDAA1E /* Main.storyboard */ = {
			isa = PBXVariantGroup;
			children = (
				ED7EB08A28770D4400DDAA1E /* Base */,
			);
			name = Main.storyboard;
			sourceTree = "<group>";
		};
		ED7EB08E28770D4500DDAA1E /* LaunchScreen.storyboard */ = {
			isa = PBXVariantGroup;
			children = (
				ED7EB08F28770D4500DDAA1E /* Base */,
			);
			name = LaunchScreen.storyboard;
			sourceTree = "<group>";
		};
/* End PBXVariantGroup section */

/* Begin XCBuildConfiguration section */
		ED7EB09228770D4500DDAA1E /* Debug */ = {
			isa = XCBuildConfiguration;
			buildSettings = {
				ALWAYS_SEARCH_USER_PATHS = NO;
				CLANG_ANALYZER_NONNULL = YES;
				CLANG_ANALYZER_NUMBER_OBJECT_CONVERSION = YES_AGGRESSIVE;
				CLANG_CXX_LANGUAGE_STANDARD = "gnu++17";
				CLANG_ENABLE_MODULES = YES;
				CLANG_ENABLE_OBJC_ARC = YES;
				CLANG_ENABLE_OBJC_WEAK = YES;
				CLANG_WARN_BLOCK_CAPTURE_AUTORELEASING = YES;
				CLANG_WARN_BOOL_CONVERSION = YES;
				CLANG_WARN_COMMA = YES;
				CLANG_WARN_CONSTANT_CONVERSION = YES;
				CLANG_WARN_DEPRECATED_OBJC_IMPLEMENTATIONS = YES;
				CLANG_WARN_DIRECT_OBJC_ISA_USAGE = YES_ERROR;
				CLANG_WARN_DOCUMENTATION_COMMENTS = YES;
				CLANG_WARN_EMPTY_BODY = YES;
				CLANG_WARN_ENUM_CONVERSION = YES;
				CLANG_WARN_INFINITE_RECURSION = YES;
				CLANG_WARN_INT_CONVERSION = YES;
				CLANG_WARN_NON_LITERAL_NULL_CONVERSION = YES;
				CLANG_WARN_OBJC_IMPLICIT_RETAIN_SELF = YES;
				CLANG_WARN_OBJC_LITERAL_CONVERSION = YES;
				CLANG_WARN_OBJC_ROOT_CLASS = YES_ERROR;
				CLANG_WARN_QUOTED_INCLUDE_IN_FRAMEWORK_HEADER = YES;
				CLANG_WARN_RANGE_LOOP_ANALYSIS = YES;
				CLANG_WARN_STRICT_PROTOTYPES = YES;
				CLANG_WARN_SUSPICIOUS_MOVE = YES;
				CLANG_WARN_UNGUARDED_AVAILABILITY = YES_AGGRESSIVE;
				CLANG_WARN_UNREACHABLE_CODE = YES;
				CLANG_WARN__DUPLICATE_METHOD_MATCH = YES;
				COPY_PHASE_STRIP = NO;
				DEBUG_INFORMATION_FORMAT = dwarf;
				ENABLE_STRICT_OBJC_MSGSEND = YES;
				ENABLE_TESTABILITY = YES;
				GCC_C_LANGUAGE_STANDARD = gnu11;
				GCC_DYNAMIC_NO_PIC = NO;
				GCC_NO_COMMON_BLOCKS = YES;
				GCC_OPTIMIZATION_LEVEL = 0;
				GCC_PREPROCESSOR_DEFINITIONS = (
					"DEBUG=1",
					"$(inherited)",
				);
				GCC_WARN_64_TO_32_BIT_CONVERSION = YES;
				GCC_WARN_ABOUT_RETURN_TYPE = YES_ERROR;
				GCC_WARN_UNDECLARED_SELECTOR = YES;
				GCC_WARN_UNINITIALIZED_AUTOS = YES_AGGRESSIVE;
				GCC_WARN_UNUSED_FUNCTION = YES;
				GCC_WARN_UNUSED_VARIABLE = YES;
				IPHONEOS_DEPLOYMENT_TARGET = 15.5;
				MTL_ENABLE_DEBUG_INFO = INCLUDE_SOURCE;
				MTL_FAST_MATH = YES;
				ONLY_ACTIVE_ARCH = YES;
				SDKROOT = iphoneos;
				SWIFT_ACTIVE_COMPILATION_CONDITIONS = DEBUG;
				SWIFT_OPTIMIZATION_LEVEL = "-Onone";
			};
			name = Debug;
		};
		ED7EB09328770D4500DDAA1E /* Release */ = {
			isa = XCBuildConfiguration;
			buildSettings = {
				ALWAYS_SEARCH_USER_PATHS = NO;
				CLANG_ANALYZER_NONNULL = YES;
				CLANG_ANALYZER_NUMBER_OBJECT_CONVERSION = YES_AGGRESSIVE;
				CLANG_CXX_LANGUAGE_STANDARD = "gnu++17";
				CLANG_ENABLE_MODULES = YES;
				CLANG_ENABLE_OBJC_ARC = YES;
				CLANG_ENABLE_OBJC_WEAK = YES;
				CLANG_WARN_BLOCK_CAPTURE_AUTORELEASING = YES;
				CLANG_WARN_BOOL_CONVERSION = YES;
				CLANG_WARN_COMMA = YES;
				CLANG_WARN_CONSTANT_CONVERSION = YES;
				CLANG_WARN_DEPRECATED_OBJC_IMPLEMENTATIONS = YES;
				CLANG_WARN_DIRECT_OBJC_ISA_USAGE = YES_ERROR;
				CLANG_WARN_DOCUMENTATION_COMMENTS = YES;
				CLANG_WARN_EMPTY_BODY = YES;
				CLANG_WARN_ENUM_CONVERSION = YES;
				CLANG_WARN_INFINITE_RECURSION = YES;
				CLANG_WARN_INT_CONVERSION = YES;
				CLANG_WARN_NON_LITERAL_NULL_CONVERSION = YES;
				CLANG_WARN_OBJC_IMPLICIT_RETAIN_SELF = YES;
				CLANG_WARN_OBJC_LITERAL_CONVERSION = YES;
				CLANG_WARN_OBJC_ROOT_CLASS = YES_ERROR;
				CLANG_WARN_QUOTED_INCLUDE_IN_FRAMEWORK_HEADER = YES;
				CLANG_WARN_RANGE_LOOP_ANALYSIS = YES;
				CLANG_WARN_STRICT_PROTOTYPES = YES;
				CLANG_WARN_SUSPICIOUS_MOVE = YES;
				CLANG_WARN_UNGUARDED_AVAILABILITY = YES_AGGRESSIVE;
				CLANG_WARN_UNREACHABLE_CODE = YES;
				CLANG_WARN__DUPLICATE_METHOD_MATCH = YES;
				COPY_PHASE_STRIP = NO;
				DEBUG_INFORMATION_FORMAT = "dwarf-with-dsym";
				ENABLE_NS_ASSERTIONS = NO;
				ENABLE_STRICT_OBJC_MSGSEND = YES;
				GCC_C_LANGUAGE_STANDARD = gnu11;
				GCC_NO_COMMON_BLOCKS = YES;
				GCC_WARN_64_TO_32_BIT_CONVERSION = YES;
				GCC_WARN_ABOUT_RETURN_TYPE = YES_ERROR;
				GCC_WARN_UNDECLARED_SELECTOR = YES;
				GCC_WARN_UNINITIALIZED_AUTOS = YES_AGGRESSIVE;
				GCC_WARN_UNUSED_FUNCTION = YES;
				GCC_WARN_UNUSED_VARIABLE = YES;
				IPHONEOS_DEPLOYMENT_TARGET = 15.5;
				MTL_ENABLE_DEBUG_INFO = NO;
				MTL_FAST_MATH = YES;
				SDKROOT = iphoneos;
				SWIFT_COMPILATION_MODE = wholemodule;
				SWIFT_OPTIMIZATION_LEVEL = "-O";
				VALIDATE_PRODUCT = YES;
			};
			name = Release;
		};
		ED7EB09528770D4500DDAA1E /* Debug */ = {
			isa = XCBuildConfiguration;
			buildSettings = {
				ASSETCATALOG_COMPILER_APPICON_NAME = AppIcon;
				ASSETCATALOG_COMPILER_GLOBAL_ACCENT_COLOR_NAME = AccentColor;
				CODE_SIGN_STYLE = Automatic;
				CURRENT_PROJECT_VERSION = 1;
				DEVELOPMENT_TEAM = A3UPK989FF;
				GENERATE_INFOPLIST_FILE = YES;
				INFOPLIST_FILE = BurgerButton/Info.plist;
				INFOPLIST_KEY_UIApplicationSupportsIndirectInputEvents = YES;
				INFOPLIST_KEY_UILaunchStoryboardName = LaunchScreen;
				INFOPLIST_KEY_UIMainStoryboardFile = Main;
				INFOPLIST_KEY_UISupportedInterfaceOrientations_iPad = "UIInterfaceOrientationPortrait UIInterfaceOrientationPortraitUpsideDown UIInterfaceOrientationLandscapeLeft UIInterfaceOrientationLandscapeRight";
				INFOPLIST_KEY_UISupportedInterfaceOrientations_iPhone = "UIInterfaceOrientationPortrait UIInterfaceOrientationLandscapeLeft UIInterfaceOrientationLandscapeRight";
				LD_RUNPATH_SEARCH_PATHS = (
					"$(inherited)",
					"@executable_path/Frameworks",
				);
				MARKETING_VERSION = 1.0;
				PRODUCT_BUNDLE_IDENTIFIER = IOS.Victor.BurgerButton;
				PRODUCT_NAME = "$(TARGET_NAME)";
				SWIFT_EMIT_LOC_STRINGS = YES;
				SWIFT_VERSION = 5.0;
				TARGETED_DEVICE_FAMILY = "1,2";
			};
			name = Debug;
		};
		ED7EB09628770D4500DDAA1E /* Release */ = {
			isa = XCBuildConfiguration;
			buildSettings = {
				ASSETCATALOG_COMPILER_APPICON_NAME = AppIcon;
				ASSETCATALOG_COMPILER_GLOBAL_ACCENT_COLOR_NAME = AccentColor;
				CODE_SIGN_STYLE = Automatic;
				CURRENT_PROJECT_VERSION = 1;
				DEVELOPMENT_TEAM = A3UPK989FF;
				GENERATE_INFOPLIST_FILE = YES;
				INFOPLIST_FILE = BurgerButton/Info.plist;
				INFOPLIST_KEY_UIApplicationSupportsIndirectInputEvents = YES;
				INFOPLIST_KEY_UILaunchStoryboardName = LaunchScreen;
				INFOPLIST_KEY_UIMainStoryboardFile = Main;
				INFOPLIST_KEY_UISupportedInterfaceOrientations_iPad = "UIInterfaceOrientationPortrait UIInterfaceOrientationPortraitUpsideDown UIInterfaceOrientationLandscapeLeft UIInterfaceOrientationLandscapeRight";
				INFOPLIST_KEY_UISupportedInterfaceOrientations_iPhone = "UIInterfaceOrientationPortrait UIInterfaceOrientationLandscapeLeft UIInterfaceOrientationLandscapeRight";
				LD_RUNPATH_SEARCH_PATHS = (
					"$(inherited)",
					"@executable_path/Frameworks",
				);
				MARKETING_VERSION = 1.0;
				PRODUCT_BUNDLE_IDENTIFIER = IOS.Victor.BurgerButton;
				PRODUCT_NAME = "$(TARGET_NAME)";
				SWIFT_EMIT_LOC_STRINGS = YES;
				SWIFT_VERSION = 5.0;
				TARGETED_DEVICE_FAMILY = "1,2";
			};
			name = Release;
		};
/* End XCBuildConfiguration section */

/* Begin XCConfigurationList section */
		ED7EB07B28770D4400DDAA1E /* Build configuration list for PBXProject "BurgerButton" */ = {
			isa = XCConfigurationList;
			buildConfigurations = (
				ED7EB09228770D4500DDAA1E /* Debug */,
				ED7EB09328770D4500DDAA1E /* Release */,
			);
			defaultConfigurationIsVisible = 0;
			defaultConfigurationName = Release;
		};
		ED7EB09428770D4500DDAA1E /* Build configuration list for PBXNativeTarget "BurgerButton" */ = {
			isa = XCConfigurationList;
			buildConfigurations = (
				ED7EB09528770D4500DDAA1E /* Debug */,
				ED7EB09628770D4500DDAA1E /* Release */,
			);
			defaultConfigurationIsVisible = 0;
			defaultConfigurationName = Release;
		};
/* End XCConfigurationList section */
	};
	rootObject = ED7EB07828770D4400DDAA1E /* Project object */;
}
